// !$*UTF8*$!
{
	archiveVersion = 1;
	classes = {
	};
	objectVersion = 48;
	objects = {

/* Begin PBXBuildFile section */
		825767A81F8C1FD000CC4A59 /* AppDelegate.swift in Sources */ = {isa = PBXBuildFile; fileRef = 825767A71F8C1FD000CC4A59 /* AppDelegate.swift */; };
		825767AA1F8C1FD000CC4A59 /* ViewController.swift in Sources */ = {isa = PBXBuildFile; fileRef = 825767A91F8C1FD000CC4A59 /* ViewController.swift */; };
		825767AD1F8C1FD000CC4A59 /* Main.storyboard in Resources */ = {isa = PBXBuildFile; fileRef = 825767AB1F8C1FD000CC4A59 /* Main.storyboard */; };
		825767AF1F8C1FD000CC4A59 /* Assets.xcassets in Resources */ = {isa = PBXBuildFile; fileRef = 825767AE1F8C1FD000CC4A59 /* Assets.xcassets */; };
		825767B21F8C1FD000CC4A59 /* LaunchScreen.storyboard in Resources */ = {isa = PBXBuildFile; fileRef = 825767B01F8C1FD000CC4A59 /* LaunchScreen.storyboard */; };
		825767BD1F8C1FD000CC4A59 /* math_gameTests.swift in Sources */ = {isa = PBXBuildFile; fileRef = 825767BC1F8C1FD000CC4A59 /* math_gameTests.swift */; };
		825767C81F8C1FD000CC4A59 /* math_gameUITests.swift in Sources */ = {isa = PBXBuildFile; fileRef = 825767C71F8C1FD000CC4A59 /* math_gameUITests.swift */; };
/* End PBXBuildFile section */

/* Begin PBXContainerItemProxy section */
		825767B91F8C1FD000CC4A59 /* PBXContainerItemProxy */ = {
			isa = PBXContainerItemProxy;
			containerPortal = 8257679C1F8C1FD000CC4A59 /* Project object */;
			proxyType = 1;
			remoteGlobalIDString = 825767A31F8C1FD000CC4A59;
			remoteInfo = "math game";
		};
		825767C41F8C1FD000CC4A59 /* PBXContainerItemProxy */ = {
			isa = PBXContainerItemProxy;
			containerPortal = 8257679C1F8C1FD000CC4A59 /* Project object */;
			proxyType = 1;
			remoteGlobalIDString = 825767A31F8C1FD000CC4A59;
			remoteInfo = "math game";
		};
/* End PBXContainerItemProxy section */

/* Begin PBXFileReference section */
		825767A41F8C1FD000CC4A59 /* math game.app */ = {isa = PBXFileReference; explicitFileType = wrapper.application; includeInIndex = 0; path = "math game.app"; sourceTree = BUILT_PRODUCTS_DIR; };
		825767A71F8C1FD000CC4A59 /* AppDelegate.swift */ = {isa = PBXFileReference; lastKnownFileType = sourcecode.swift; path = AppDelegate.swift; sourceTree = "<group>"; };
		825767A91F8C1FD000CC4A59 /* ViewController.swift */ = {isa = PBXFileReference; lastKnownFileType = sourcecode.swift; path = ViewController.swift; sourceTree = "<group>"; };
		825767AC1F8C1FD000CC4A59 /* Base */ = {isa = PBXFileReference; lastKnownFileType = file.storyboard; name = Base; path = Base.lproj/Main.storyboard; sourceTree = "<group>"; };
		825767AE1F8C1FD000CC4A59 /* Assets.xcassets */ = {isa = PBXFileReference; lastKnownFileType = folder.assetcatalog; path = Assets.xcassets; sourceTree = "<group>"; };
		825767B11F8C1FD000CC4A59 /* Base */ = {isa = PBXFileReference; lastKnownFileType = file.storyboard; name = Base; path = Base.lproj/LaunchScreen.storyboard; sourceTree = "<group>"; };
		825767B31F8C1FD000CC4A59 /* Info.plist */ = {isa = PBXFileReference; lastKnownFileType = text.plist.xml; path = Info.plist; sourceTree = "<group>"; };
		825767B81F8C1FD000CC4A59 /* math gameTests.xctest */ = {isa = PBXFileReference; explicitFileType = wrapper.cfbundle; includeInIndex = 0; path = "math gameTests.xctest"; sourceTree = BUILT_PRODUCTS_DIR; };
		825767BC1F8C1FD000CC4A59 /* math_gameTests.swift */ = {isa = PBXFileReference; lastKnownFileType = sourcecode.swift; path = math_gameTests.swift; sourceTree = "<group>"; };
		825767BE1F8C1FD000CC4A59 /* Info.plist */ = {isa = PBXFileReference; lastKnownFileType = text.plist.xml; path = Info.plist; sourceTree = "<group>"; };
		825767C31F8C1FD000CC4A59 /* math gameUITests.xctest */ = {isa = PBXFileReference; explicitFileType = wrapper.cfbundle; includeInIndex = 0; path = "math gameUITests.xctest"; sourceTree = BUILT_PRODUCTS_DIR; };
		825767C71F8C1FD000CC4A59 /* math_gameUITests.swift */ = {isa = PBXFileReference; lastKnownFileType = sourcecode.swift; path = math_gameUITests.swift; sourceTree = "<group>"; };
		825767C91F8C1FD000CC4A59 /* Info.plist */ = {isa = PBXFileReference; lastKnownFileType = text.plist.xml; path = Info.plist; sourceTree = "<group>"; };
/* End PBXFileReference section */

/* Begin PBXFrameworksBuildPhase section */
		825767A11F8C1FD000CC4A59 /* Frameworks */ = {
			isa = PBXFrameworksBuildPhase;
			buildActionMask = 2147483647;
			files = (
			);
			runOnlyForDeploymentPostprocessing = 0;
		};
		825767B51F8C1FD000CC4A59 /* Frameworks */ = {
			isa = PBXFrameworksBuildPhase;
			buildActionMask = 2147483647;
			files = (
			);
			runOnlyForDeploymentPostprocessing = 0;
		};
		825767C01F8C1FD000CC4A59 /* Frameworks */ = {
			isa = PBXFrameworksBuildPhase;
			buildActionMask = 2147483647;
			files = (
			);
			runOnlyForDeploymentPostprocessing = 0;
		};
/* End PBXFrameworksBuildPhase section */

/* Begin PBXGroup section */
		8257679B1F8C1FD000CC4A59 = {
			isa = PBXGroup;
			children = (
				825767A61F8C1FD000CC4A59 /* math game */,
				825767BB1F8C1FD000CC4A59 /* math gameTests */,
				825767C61F8C1FD000CC4A59 /* math gameUITests */,
				825767A51F8C1FD000CC4A59 /* Products */,
			);
			sourceTree = "<group>";
		};
		825767A51F8C1FD000CC4A59 /* Products */ = {
			isa = PBXGroup;
			children = (
				825767A41F8C1FD000CC4A59 /* math game.app */,
				825767B81F8C1FD000CC4A59 /* math gameTests.xctest */,
				825767C31F8C1FD000CC4A59 /* math gameUITests.xctest */,
			);
			name = Products;
			sourceTree = "<group>";
		};
		825767A61F8C1FD000CC4A59 /* math game */ = {
			isa = PBXGroup;
			children = (
				825767A71F8C1FD000CC4A59 /* AppDelegate.swift */,
				825767A91F8C1FD000CC4A59 /* ViewController.swift */,
				825767AB1F8C1FD000CC4A59 /* Main.storyboard */,
				825767AE1F8C1FD000CC4A59 /* Assets.xcassets */,
				825767B01F8C1FD000CC4A59 /* LaunchScreen.storyboard */,
				825767B31F8C1FD000CC4A59 /* Info.plist */,
			);
			path = "math game";
			sourceTree = "<group>";
		};
		825767BB1F8C1FD000CC4A59 /* math gameTests */ = {
			isa = PBXGroup;
			children = (
				825767BC1F8C1FD000CC4A59 /* math_gameTests.swift */,
				825767BE1F8C1FD000CC4A59 /* Info.plist */,
			);
			path = "math gameTests";
			sourceTree = "<group>";
		};
		825767C61F8C1FD000CC4A59 /* math gameUITests */ = {
			isa = PBXGroup;
			children = (
				825767C71F8C1FD000CC4A59 /* math_gameUITests.swift */,
				825767C91F8C1FD000CC4A59 /* Info.plist */,
			);
			path = "math gameUITests";
			sourceTree = "<group>";
		};
/* End PBXGroup section */

/* Begin PBXNativeTarget section */
		825767A31F8C1FD000CC4A59 /* math game */ = {
			isa = PBXNativeTarget;
			buildConfigurationList = 825767CC1F8C1FD000CC4A59 /* Build configuration list for PBXNativeTarget "math game" */;
			buildPhases = (
				825767A01F8C1FD000CC4A59 /* Sources */,
				825767A11F8C1FD000CC4A59 /* Frameworks */,
				825767A21F8C1FD000CC4A59 /* Resources */,
			);
			buildRules = (
			);
			dependencies = (
			);
			name = "math game";
			productName = "math game";
			productReference = 825767A41F8C1FD000CC4A59 /* math game.app */;
			productType = "com.apple.product-type.application";
		};
		825767B71F8C1FD000CC4A59 /* math gameTests */ = {
			isa = PBXNativeTarget;
			buildConfigurationList = 825767CF1F8C1FD000CC4A59 /* Build configuration list for PBXNativeTarget "math gameTests" */;
			buildPhases = (
				825767B41F8C1FD000CC4A59 /* Sources */,
				825767B51F8C1FD000CC4A59 /* Frameworks */,
				825767B61F8C1FD000CC4A59 /* Resources */,
			);
			buildRules = (
			);
			dependencies = (
				825767BA1F8C1FD000CC4A59 /* PBXTargetDependency */,
			);
			name = "math gameTests";
			productName = "math gameTests";
			productReference = 825767B81F8C1FD000CC4A59 /* math gameTests.xctest */;
			productType = "com.apple.product-type.bundle.unit-test";
		};
		825767C21F8C1FD000CC4A59 /* math gameUITests */ = {
			isa = PBXNativeTarget;
			buildConfigurationList = 825767D21F8C1FD000CC4A59 /* Build configuration list for PBXNativeTarget "math gameUITests" */;
			buildPhases = (
				825767BF1F8C1FD000CC4A59 /* Sources */,
				825767C01F8C1FD000CC4A59 /* Frameworks */,
				825767C11F8C1FD000CC4A59 /* Resources */,
			);
			buildRules = (
			);
			dependencies = (
				825767C51F8C1FD000CC4A59 /* PBXTargetDependency */,
			);
			name = "math gameUITests";
			productName = "math gameUITests";
			productReference = 825767C31F8C1FD000CC4A59 /* math gameUITests.xctest */;
			productType = "com.apple.product-type.bundle.ui-testing";
		};
/* End PBXNativeTarget section */

/* Begin PBXProject section */
		8257679C1F8C1FD000CC4A59 /* Project object */ = {
			isa = PBXProject;
			attributes = {
				LastSwiftUpdateCheck = 0900;
				LastUpgradeCheck = 0900;
				ORGANIZATIONNAME = "Kevin Briggs";
				TargetAttributes = {
					825767A31F8C1FD000CC4A59 = {
						CreatedOnToolsVersion = 9.0;
						ProvisioningStyle = Automatic;
					};
					825767B71F8C1FD000CC4A59 = {
						CreatedOnToolsVersion = 9.0;
						ProvisioningStyle = Automatic;
						TestTargetID = 825767A31F8C1FD000CC4A59;
					};
					825767C21F8C1FD000CC4A59 = {
						CreatedOnToolsVersion = 9.0;
						ProvisioningStyle = Automatic;
						TestTargetID = 825767A31F8C1FD000CC4A59;
					};
				};
			};
			buildConfigurationList = 8257679F1F8C1FD000CC4A59 /* Build configuration list for PBXProject "math game" */;
			compatibilityVersion = "Xcode 8.0";
			developmentRegion = en;
			hasScannedForEncodings = 0;
			knownRegions = (
				en,
				Base,
			);
			mainGroup = 8257679B1F8C1FD000CC4A59;
			productRefGroup = 825767A51F8C1FD000CC4A59 /* Products */;
			projectDirPath = "";
			projectRoot = "";
			targets = (
				825767A31F8C1FD000CC4A59 /* math game */,
				825767B71F8C1FD000CC4A59 /* math gameTests */,
				825767C21F8C1FD000CC4A59 /* math gameUITests */,
			);
		};
/* End PBXProject section */

/* Begin PBXResourcesBuildPhase section */
		825767A21F8C1FD000CC4A59 /* Resources */ = {
			isa = PBXResourcesBuildPhase;
			buildActionMask = 2147483647;
			files = (
				825767B21F8C1FD000CC4A59 /* LaunchScreen.storyboard in Resources */,
				825767AF1F8C1FD000CC4A59 /* Assets.xcassets in Resources */,
				825767AD1F8C1FD000CC4A59 /* Main.storyboard in Resources */,
			);
			runOnlyForDeploymentPostprocessing = 0;
		};
		825767B61F8C1FD000CC4A59 /* Resources */ = {
			isa = PBXResourcesBuildPhase;
			buildActionMask = 2147483647;
			files = (
			);
			runOnlyForDeploymentPostprocessing = 0;
		};
		825767C11F8C1FD000CC4A59 /* Resources */ = {
			isa = PBXResourcesBuildPhase;
			buildActionMask = 2147483647;
			files = (
			);
			runOnlyForDeploymentPostprocessing = 0;
		};
/* End PBXResourcesBuildPhase section */

/* Begin PBXSourcesBuildPhase section */
		825767A01F8C1FD000CC4A59 /* Sources */ = {
			isa = PBXSourcesBuildPhase;
			buildActionMask = 2147483647;
			files = (
				825767AA1F8C1FD000CC4A59 /* ViewController.swift in Sources */,
				825767A81F8C1FD000CC4A59 /* AppDelegate.swift in Sources */,
			);
			runOnlyForDeploymentPostprocessing = 0;
		};
		825767B41F8C1FD000CC4A59 /* Sources */ = {
			isa = PBXSourcesBuildPhase;
			buildActionMask = 2147483647;
			files = (
				825767BD1F8C1FD000CC4A59 /* math_gameTests.swift in Sources */,
			);
			runOnlyForDeploymentPostprocessing = 0;
		};
		825767BF1F8C1FD000CC4A59 /* Sources */ = {
			isa = PBXSourcesBuildPhase;
			buildActionMask = 2147483647;
			files = (
				825767C81F8C1FD000CC4A59 /* math_gameUITests.swift in Sources */,
			);
			runOnlyForDeploymentPostprocessing = 0;
		};
/* End PBXSourcesBuildPhase section */

/* Begin PBXTargetDependency section */
		825767BA1F8C1FD000CC4A59 /* PBXTargetDependency */ = {
			isa = PBXTargetDependency;
			target = 825767A31F8C1FD000CC4A59 /* math game */;
			targetProxy = 825767B91F8C1FD000CC4A59 /* PBXContainerItemProxy */;
		};
		825767C51F8C1FD000CC4A59 /* PBXTargetDependency */ = {
			isa = PBXTargetDependency;
			target = 825767A31F8C1FD000CC4A59 /* math game */;
			targetProxy = 825767C41F8C1FD000CC4A59 /* PBXContainerItemProxy */;
		};
/* End PBXTargetDependency section */

/* Begin PBXVariantGroup section */
		825767AB1F8C1FD000CC4A59 /* Main.storyboard */ = {
			isa = PBXVariantGroup;
			children = (
				825767AC1F8C1FD000CC4A59 /* Base */,
			);
			name = Main.storyboard;
			sourceTree = "<group>";
		};
		825767B01F8C1FD000CC4A59 /* LaunchScreen.storyboard */ = {
			isa = PBXVariantGroup;
			children = (
				825767B11F8C1FD000CC4A59 /* Base */,
			);
			name = LaunchScreen.storyboard;
			sourceTree = "<group>";
		};
/* End PBXVariantGroup section */

/* Begin XCBuildConfiguration section */
		825767CA1F8C1FD000CC4A59 /* Debug */ = {
			isa = XCBuildConfiguration;
			buildSettings = {
				ALWAYS_SEARCH_USER_PATHS = NO;
				CLANG_ANALYZER_NONNULL = YES;
				CLANG_ANALYZER_NUMBER_OBJECT_CONVERSION = YES_AGGRESSIVE;
				CLANG_CXX_LANGUAGE_STANDARD = "gnu++14";
				CLANG_CXX_LIBRARY = "libc++";
				CLANG_ENABLE_MODULES = YES;
				CLANG_ENABLE_OBJC_ARC = YES;
				CLANG_WARN_BLOCK_CAPTURE_AUTORELEASING = YES;
				CLANG_WARN_BOOL_CONVERSION = YES;
				CLANG_WARN_COMMA = YES;
				CLANG_WARN_CONSTANT_CONVERSION = YES;
				CLANG_WARN_DIRECT_OBJC_ISA_USAGE = YES_ERROR;
				CLANG_WARN_DOCUMENTATION_COMMENTS = YES;
				CLANG_WARN_EMPTY_BODY = YES;
				CLANG_WARN_ENUM_CONVERSION = YES;
				CLANG_WARN_INFINITE_RECURSION = YES;
				CLANG_WARN_INT_CONVERSION = YES;
				CLANG_WARN_NON_LITERAL_NULL_CONVERSION = YES;
				CLANG_WARN_OBJC_LITERAL_CONVERSION = YES;
				CLANG_WARN_OBJC_ROOT_CLASS = YES_ERROR;
				CLANG_WARN_RANGE_LOOP_ANALYSIS = YES;
				CLANG_WARN_STRICT_PROTOTYPES = YES;
				CLANG_WARN_SUSPICIOUS_MOVE = YES;
				CLANG_WARN_UNGUARDED_AVAILABILITY = YES_AGGRESSIVE;
				CLANG_WARN_UNREACHABLE_CODE = YES;
				CLANG_WARN__DUPLICATE_METHOD_MATCH = YES;
				CODE_SIGN_IDENTITY = "iPhone Developer";
				COPY_PHASE_STRIP = NO;
				DEBUG_INFORMATION_FORMAT = dwarf;
				ENABLE_STRICT_OBJC_MSGSEND = YES;
				ENABLE_TESTABILITY = YES;
				GCC_C_LANGUAGE_STANDARD = gnu11;
				GCC_DYNAMIC_NO_PIC = NO;
				GCC_NO_COMMON_BLOCKS = YES;
				GCC_OPTIMIZATION_LEVEL = 0;
				GCC_PREPROCESSOR_DEFINITIONS = (
					"DEBUG=1",
					"$(inherited)",
				);
				GCC_WARN_64_TO_32_BIT_CONVERSION = YES;
				GCC_WARN_ABOUT_RETURN_TYPE = YES_ERROR;
				GCC_WARN_UNDECLARED_SELECTOR = YES;
				GCC_WARN_UNINITIALIZED_AUTOS = YES_AGGRESSIVE;
				GCC_WARN_UNUSED_FUNCTION = YES;
				GCC_WARN_UNUSED_VARIABLE = YES;
				IPHONEOS_DEPLOYMENT_TARGET = 11.0;
				MTL_ENABLE_DEBUG_INFO = YES;
				ONLY_ACTIVE_ARCH = YES;
				SDKROOT = iphoneos;
				SWIFT_ACTIVE_COMPILATION_CONDITIONS = DEBUG;
				SWIFT_OPTIMIZATION_LEVEL = "-Onone";
			};
			name = Debug;
		};
		825767CB1F8C1FD000CC4A59 /* Release */ = {
			isa = XCBuildConfiguration;
			buildSettings = {
				ALWAYS_SEARCH_USER_PATHS = NO;
				CLANG_ANALYZER_NONNULL = YES;
				CLANG_ANALYZER_NUMBER_OBJECT_CONVERSION = YES_AGGRESSIVE;
				CLANG_CXX_LANGUAGE_STANDARD = "gnu++14";
				CLANG_CXX_LIBRARY = "libc++";
				CLANG_ENABLE_MODULES = YES;
				CLANG_ENABLE_OBJC_ARC = YES;
				CLANG_WARN_BLOCK_CAPTURE_AUTORELEASING = YES;
				CLANG_WARN_BOOL_CONVERSION = YES;
				CLANG_WARN_COMMA = YES;
				CLANG_WARN_CONSTANT_CONVERSION = YES;
				CLANG_WARN_DIRECT_OBJC_ISA_USAGE = YES_ERROR;
				CLANG_WARN_DOCUMENTATION_COMMENTS = YES;
				CLANG_WARN_EMPTY_BODY = YES;
				CLANG_WARN_ENUM_CONVERSION = YES;
				CLANG_WARN_INFINITE_RECURSION = YES;
				CLANG_WARN_INT_CONVERSION = YES;
				CLANG_WARN_NON_LITERAL_NULL_CONVERSION = YES;
				CLANG_WARN_OBJC_LITERAL_CONVERSION = YES;
				CLANG_WARN_OBJC_ROOT_CLASS = YES_ERROR;
				CLANG_WARN_RANGE_LOOP_ANALYSIS = YES;
				CLANG_WARN_STRICT_PROTOTYPES = YES;
				CLANG_WARN_SUSPICIOUS_MOVE = YES;
				CLANG_WARN_UNGUARDED_AVAILABILITY = YES_AGGRESSIVE;
				CLANG_WARN_UNREACHABLE_CODE = YES;
				CLANG_WARN__DUPLICATE_METHOD_MATCH = YES;
				CODE_SIGN_IDENTITY = "iPhone Developer";
				COPY_PHASE_STRIP = NO;
				DEBUG_INFORMATION_FORMAT = "dwarf-with-dsym";
				ENABLE_NS_ASSERTIONS = NO;
				ENABLE_STRICT_OBJC_MSGSEND = YES;
				GCC_C_LANGUAGE_STANDARD = gnu11;
				GCC_NO_COMMON_BLOCKS = YES;
				GCC_WARN_64_TO_32_BIT_CONVERSION = YES;
				GCC_WARN_ABOUT_RETURN_TYPE = YES_ERROR;
				GCC_WARN_UNDECLARED_SELECTOR = YES;
				GCC_WARN_UNINITIALIZED_AUTOS = YES_AGGRESSIVE;
				GCC_WARN_UNUSED_FUNCTION = YES;
				GCC_WARN_UNUSED_VARIABLE = YES;
				IPHONEOS_DEPLOYMENT_TARGET = 11.0;
				MTL_ENABLE_DEBUG_INFO = NO;
				SDKROOT = iphoneos;
				SWIFT_OPTIMIZATION_LEVEL = "-Owholemodule";
				VALIDATE_PRODUCT = YES;
			};
			name = Release;
		};
		825767CD1F8C1FD000CC4A59 /* Debug */ = {
			isa = XCBuildConfiguration;
			buildSettings = {
				ASSETCATALOG_COMPILER_APPICON_NAME = AppIcon;
				CODE_SIGN_STYLE = Automatic;
				INFOPLIST_FILE = "math game/Info.plist";
				LD_RUNPATH_SEARCH_PATHS = "$(inherited) @executable_path/Frameworks";
				PRODUCT_BUNDLE_IDENTIFIER = "mrteacherkevin.math-game";
				PRODUCT_NAME = "$(TARGET_NAME)";
				SWIFT_VERSION = 4.0;
				TARGETED_DEVICE_FAMILY = "1,2";
			};
			name = Debug;
		};
		825767CE1F8C1FD000CC4A59 /* Release */ = {
			isa = XCBuildConfiguration;
			buildSettings = {
				ASSETCATALOG_COMPILER_APPICON_NAME = AppIcon;
				CODE_SIGN_STYLE = Automatic;
				INFOPLIST_FILE = "math game/Info.plist";
				LD_RUNPATH_SEARCH_PATHS = "$(inherited) @executable_path/Frameworks";
				PRODUCT_BUNDLE_IDENTIFIER = "mrteacherkevin.math-game";
				PRODUCT_NAME = "$(TARGET_NAME)";
				SWIFT_VERSION = 4.0;
				TARGETED_DEVICE_FAMILY = "1,2";
			};
			name = Release;
		};
		825767D01F8C1FD000CC4A59 /* Debug */ = {
			isa = XCBuildConfiguration;
			buildSettings = {
				ALWAYS_EMBED_SWIFT_STANDARD_LIBRARIES = YES;
				BUNDLE_LOADER = "$(TEST_HOST)";
				CODE_SIGN_STYLE = Automatic;
				INFOPLIST_FILE = "math gameTests/Info.plist";
				LD_RUNPATH_SEARCH_PATHS = "$(inherited) @executable_path/Frameworks @loader_path/Frameworks";
				PRODUCT_BUNDLE_IDENTIFIER = "mrteacherkevin.math-gameTests";
				PRODUCT_NAME = "$(TARGET_NAME)";
				SWIFT_VERSION = 4.0;
				TARGETED_DEVICE_FAMILY = "1,2";
				TEST_HOST = "$(BUILT_PRODUCTS_DIR)/math game.app/math game";
			};
			name = Debug;
		};
		825767D11F8C1FD000CC4A59 /* Release */ = {
			isa = XCBuildConfiguration;
			buildSettings = {
				ALWAYS_EMBED_SWIFT_STANDARD_LIBRARIES = YES;
				BUNDLE_LOADER = "$(TEST_HOST)";
				CODE_SIGN_STYLE = Automatic;
				INFOPLIST_FILE = "math gameTests/Info.plist";
				LD_RUNPATH_SEARCH_PATHS = "$(inherited) @executable_path/Frameworks @loader_path/Frameworks";
				PRODUCT_BUNDLE_IDENTIFIER = "mrteacherkevin.math-gameTests";
				PRODUCT_NAME = "$(TARGET_NAME)";
				SWIFT_VERSION = 4.0;
				TARGETED_DEVICE_FAMILY = "1,2";
				TEST_HOST = "$(BUILT_PRODUCTS_DIR)/math game.app/math game";
			};
			name = Release;
		};
		825767D31F8C1FD000CC4A59 /* Debug */ = {
			isa = XCBuildConfiguration;
			buildSettings = {
				ALWAYS_EMBED_SWIFT_STANDARD_LIBRARIES = YES;
				CODE_SIGN_STYLE = Automatic;
				INFOPLIST_FILE = "math gameUITests/Info.plist";
				LD_RUNPATH_SEARCH_PATHS = "$(inherited) @executable_path/Frameworks @loader_path/Frameworks";
				PRODUCT_BUNDLE_IDENTIFIER = "mrteacherkevin.math-gameUITests";
				PRODUCT_NAME = "$(TARGET_NAME)";
				SWIFT_VERSION = 4.0;
				TARGETED_DEVICE_FAMILY = "1,2";
				TEST_TARGET_NAME = "math game";
			};
			name = Debug;
		};
		825767D41F8C1FD000CC4A59 /* Release */ = {
			isa = XCBuildConfiguration;
			buildSettings = {
				ALWAYS_EMBED_SWIFT_STANDARD_LIBRARIES = YES;
				CODE_SIGN_STYLE = Automatic;
				INFOPLIST_FILE = "math gameUITests/Info.plist";
				LD_RUNPATH_SEARCH_PATHS = "$(inherited) @executable_path/Frameworks @loader_path/Frameworks";
				PRODUCT_BUNDLE_IDENTIFIER = "mrteacherkevin.math-gameUITests";
				PRODUCT_NAME = "$(TARGET_NAME)";
				SWIFT_VERSION = 4.0;
				TARGETED_DEVICE_FAMILY = "1,2";
				TEST_TARGET_NAME = "math game";
			};
			name = Release;
		};
/* End XCBuildConfiguration section */

/* Begin XCConfigurationList section */
		8257679F1F8C1FD000CC4A59 /* Build configuration list for PBXProject "math game" */ = {
			isa = XCConfigurationList;
			buildConfigurations = (
				825767CA1F8C1FD000CC4A59 /* Debug */,
				825767CB1F8C1FD000CC4A59 /* Release */,
			);
			defaultConfigurationIsVisible = 0;
			defaultConfigurationName = Release;
		};
		825767CC1F8C1FD000CC4A59 /* Build configuration list for PBXNativeTarget "math game" */ = {
			isa = XCConfigurationList;
			buildConfigurations = (
				825767CD1F8C1FD000CC4A59 /* Debug */,
				825767CE1F8C1FD000CC4A59 /* Release */,
			);
			defaultConfigurationIsVisible = 0;
			defaultConfigurationName = Release;
		};
		825767CF1F8C1FD000CC4A59 /* Build configuration list for PBXNativeTarget "math gameTests" */ = {
			isa = XCConfigurationList;
			buildConfigurations = (
				825767D01F8C1FD000CC4A59 /* Debug */,
				825767D11F8C1FD000CC4A59 /* Release */,
			);
			defaultConfigurationIsVisible = 0;
			defaultConfigurationName = Release;
		};
		825767D21F8C1FD000CC4A59 /* Build configuration list for PBXNativeTarget "math gameUITests" */ = {
			isa = XCConfigurationList;
			buildConfigurations = (
				825767D31F8C1FD000CC4A59 /* Debug */,
				825767D41F8C1FD000CC4A59 /* Release */,
			);
			defaultConfigurationIsVisible = 0;
			defaultConfigurationName = Release;
		};
/* End XCConfigurationList section */
	};
	rootObject = 8257679C1F8C1FD000CC4A59 /* Project object */;
}
